
Microsoft Visual Studio Solution File, Format Version 12.00
# Visual Studio Version 16
VisualStudioVersion = 16.0.31105.61
MinimumVisualStudioVersion = 10.0.40219.1
Project("{FAE04EC0-301F-11D3-BF4B-00C04F79EFBC}") = "UI.Desktop", "UI.Desktop\UI.Desktop.csproj", "{E2962460-548F-4DDA-90F1-F98DAF436D10}"
EndProject
Project("{FAE04EC0-301F-11D3-BF4B-00C04F79EFBC}") = "Business.Logic", "Business.Logic\Business.Logic.csproj", "{DDCDD43E-DB33-4BD3-BA65-AF28CC1AAD55}"
EndProject
Project("{FAE04EC0-301F-11D3-BF4B-00C04F79EFBC}") = "Util", "Util\Util.csproj", "{B5F1F43E-C59A-47C7-B4F3-BA004AB29C4C}"
EndProject
Project("{FAE04EC0-301F-11D3-BF4B-00C04F79EFBC}") = "Business.Entities", "Business.Entities\Business.Entities.csproj", "{AB6EE94B-B627-4D1A-A182-F44E30104D46}"
EndProject
Project("{FAE04EC0-301F-11D3-BF4B-00C04F79EFBC}") = "UI.Web", "UI.Web\UI.Web.csproj", "{6DED50E3-F1B6-4DA1-AC59-9BC1E559D2C4}"
EndProject
Global
	GlobalSection(SolutionConfigurationPlatforms) = preSolution
		Debug|Any CPU = Debug|Any CPU
		Release|Any CPU = Release|Any CPU
	EndGlobalSection
	GlobalSection(ProjectConfigurationPlatforms) = postSolution
		{E2962460-548F-4DDA-90F1-F98DAF436D10}.Debug|Any CPU.ActiveCfg = Debug|Any CPU
		{E2962460-548F-4DDA-90F1-F98DAF436D10}.Debug|Any CPU.Build.0 = Debug|Any CPU
		{E2962460-548F-4DDA-90F1-F98DAF436D10}.Release|Any CPU.ActiveCfg = Release|Any CPU
		{E2962460-548F-4DDA-90F1-F98DAF436D10}.Release|Any CPU.Build.0 = Release|Any CPU
		{DDCDD43E-DB33-4BD3-BA65-AF28CC1AAD55}.Debug|Any CPU.ActiveCfg = Debug|Any CPU
		{DDCDD43E-DB33-4BD3-BA65-AF28CC1AAD55}.Debug|Any CPU.Build.0 = Debug|Any CPU
		{DDCDD43E-DB33-4BD3-BA65-AF28CC1AAD55}.Release|Any CPU.ActiveCfg = Release|Any CPU
		{DDCDD43E-DB33-4BD3-BA65-AF28CC1AAD55}.Release|Any CPU.Build.0 = Release|Any CPU
		{B5F1F43E-C59A-47C7-B4F3-BA004AB29C4C}.Debug|Any CPU.ActiveCfg = Debug|Any CPU
		{B5F1F43E-C59A-47C7-B4F3-BA004AB29C4C}.Debug|Any CPU.Build.0 = Debug|Any CPU
		{B5F1F43E-C59A-47C7-B4F3-BA004AB29C4C}.Release|Any CPU.ActiveCfg = Release|Any CPU
		{B5F1F43E-C59A-47C7-B4F3-BA004AB29C4C}.Release|Any CPU.Build.0 = Release|Any CPU
		{AB6EE94B-B627-4D1A-A182-F44E30104D46}.Debug|Any CPU.ActiveCfg = Debug|Any CPU
		{AB6EE94B-B627-4D1A-A182-F44E30104D46}.Debug|Any CPU.Build.0 = Debug|Any CPU
		{AB6EE94B-B627-4D1A-A182-F44E30104D46}.Release|Any CPU.ActiveCfg = Release|Any CPU
		{AB6EE94B-B627-4D1A-A182-F44E30104D46}.Release|Any CPU.Build.0 = Release|Any CPU
		{6DED50E3-F1B6-4DA1-AC59-9BC1E559D2C4}.Debug|Any CPU.ActiveCfg = Debug|Any CPU
		{6DED50E3-F1B6-4DA1-AC59-9BC1E559D2C4}.Debug|Any CPU.Build.0 = Debug|Any CPU
		{6DED50E3-F1B6-4DA1-AC59-9BC1E559D2C4}.Release|Any CPU.ActiveCfg = Release|Any CPU
		{6DED50E3-F1B6-4DA1-AC59-9BC1E559D2C4}.Release|Any CPU.Build.0 = Release|Any CPU
	EndGlobalSection
	GlobalSection(SolutionProperties) = preSolution
		HideSolutionNode = FALSE
	EndGlobalSection
	GlobalSection(ExtensibilityGlobals) = postSolution
		SolutionGuid = {5F35F71A-3798-444A-9A0A-A4D79C1E9F5A}
	EndGlobalSection
EndGlobal
